
Microsoft Visual Studio Solution File, Format Version 12.00
# Visual Studio Version 16
VisualStudioVersion = 16.0.30711.63
MinimumVisualStudioVersion = 10.0.40219.1
Project("{2150E333-8FDC-42A3-9474-1A3956D46DE8}") = "Solution Items", "Solution Items", "{2A364680-E06B-424C-A860-B191DB766B04}"
	ProjectSection(SolutionItems) = preProject
		README.md = README.md
	EndProjectSection
EndProject
Project("{9A19103F-16F7-4668-BE54-9A1E7A4F7556}") = "dotnet-cnblog", "src\dotnet-cnblogs\dotnet-cnblog.csproj", "{C75DAF23-E4DD-404A-B1CD-978DAD3987A3}"
EndProject
Global
	GlobalSection(SolutionConfigurationPlatforms) = preSolution
		Debug|Any CPU = Debug|Any CPU
		Release|Any CPU = Release|Any CPU
	EndGlobalSection
	GlobalSection(ProjectConfigurationPlatforms) = postSolution
		{C75DAF23-E4DD-404A-B1CD-978DAD3987A3}.Debug|Any CPU.ActiveCfg = Debug|Any CPU
		{C75DAF23-E4DD-404A-B1CD-978DAD3987A3}.Debug|Any CPU.Build.0 = Debug|Any CPU
		{C75DAF23-E4DD-404A-B1CD-978DAD3987A3}.Release|Any CPU.ActiveCfg = Release|Any CPU
		{C75DAF23-E4DD-404A-B1CD-978DAD3987A3}.Release|Any CPU.Build.0 = Release|Any CPU
	EndGlobalSection
	GlobalSection(SolutionProperties) = preSolution
		HideSolutionNode = FALSE
	EndGlobalSection
	GlobalSection(ExtensibilityGlobals) = postSolution
		SolutionGuid = {C3EBCEBB-EE56-465C-B548-132C31709785}
	EndGlobalSection
EndGlobal
